// !$*UTF8*$!
{
	archiveVersion = 1;
	classes = {
	};
	objectVersion = 46;
	objects = {

/* Begin PBXBuildFile section */
		CD1691481F92ACB200C1B037 /* AppDelegate.swift in Sources */ = {isa = PBXBuildFile; fileRef = CD1691471F92ACB200C1B037 /* AppDelegate.swift */; };
		CD16914A1F92ACB200C1B037 /* ViewController.swift in Sources */ = {isa = PBXBuildFile; fileRef = CD1691491F92ACB200C1B037 /* ViewController.swift */; };
		CD16914D1F92ACB200C1B037 /* Main.storyboard in Resources */ = {isa = PBXBuildFile; fileRef = CD16914B1F92ACB200C1B037 /* Main.storyboard */; };
		CD16914F1F92ACB200C1B037 /* Assets.xcassets in Resources */ = {isa = PBXBuildFile; fileRef = CD16914E1F92ACB200C1B037 /* Assets.xcassets */; };
		CD1691521F92ACB200C1B037 /* LaunchScreen.storyboard in Resources */ = {isa = PBXBuildFile; fileRef = CD1691501F92ACB200C1B037 /* LaunchScreen.storyboard */; };
		CD16915E1F92AE0000C1B037 /* 스크린샷 2017-10-15 오전 1.25.16.png in Resources */ = {isa = PBXBuildFile; fileRef = CD1691591F92AE0000C1B037 /* 스크린샷 2017-10-15 오전 1.25.16.png */; };
		CD16915F1F92AE0000C1B037 /* lst.png in Resources */ = {isa = PBXBuildFile; fileRef = CD16915A1F92AE0000C1B037 /* lst.png */; };
		CD1691601F92AE0000C1B037 /* peo1.JPG in Resources */ = {isa = PBXBuildFile; fileRef = CD16915B1F92AE0000C1B037 /* peo1.JPG */; };
		CD1691611F92AE0000C1B037 /* ppp.png in Resources */ = {isa = PBXBuildFile; fileRef = CD16915C1F92AE0000C1B037 /* ppp.png */; };
		CD1691621F92AE0000C1B037 /* up.png in Resources */ = {isa = PBXBuildFile; fileRef = CD16915D1F92AE0000C1B037 /* up.png */; };
/* End PBXBuildFile section */

/* Begin PBXFileReference section */
		CD1691441F92ACB200C1B037 /* Project01.app */ = {isa = PBXFileReference; explicitFileType = wrapper.application; includeInIndex = 0; path = Project01.app; sourceTree = BUILT_PRODUCTS_DIR; };
		CD1691471F92ACB200C1B037 /* AppDelegate.swift */ = {isa = PBXFileReference; lastKnownFileType = sourcecode.swift; path = AppDelegate.swift; sourceTree = "<group>"; };
		CD1691491F92ACB200C1B037 /* ViewController.swift */ = {isa = PBXFileReference; lastKnownFileType = sourcecode.swift; path = ViewController.swift; sourceTree = "<group>"; };
		CD16914C1F92ACB200C1B037 /* Base */ = {isa = PBXFileReference; lastKnownFileType = file.storyboard; name = Base; path = Base.lproj/Main.storyboard; sourceTree = "<group>"; };
		CD16914E1F92ACB200C1B037 /* Assets.xcassets */ = {isa = PBXFileReference; lastKnownFileType = folder.assetcatalog; path = Assets.xcassets; sourceTree = "<group>"; };
		CD1691511F92ACB200C1B037 /* Base */ = {isa = PBXFileReference; lastKnownFileType = file.storyboard; name = Base; path = Base.lproj/LaunchScreen.storyboard; sourceTree = "<group>"; };
		CD1691531F92ACB200C1B037 /* Info.plist */ = {isa = PBXFileReference; lastKnownFileType = text.plist.xml; path = Info.plist; sourceTree = "<group>"; };
		CD1691591F92AE0000C1B037 /* 스크린샷 2017-10-15 오전 1.25.16.png */ = {isa = PBXFileReference; lastKnownFileType = image.png; path = "스크린샷 2017-10-15 오전 1.25.16.png"; sourceTree = "<group>"; };
		CD16915A1F92AE0000C1B037 /* lst.png */ = {isa = PBXFileReference; lastKnownFileType = image.png; path = lst.png; sourceTree = "<group>"; };
		CD16915B1F92AE0000C1B037 /* peo1.JPG */ = {isa = PBXFileReference; lastKnownFileType = image.jpeg; path = peo1.JPG; sourceTree = "<group>"; };
		CD16915C1F92AE0000C1B037 /* ppp.png */ = {isa = PBXFileReference; lastKnownFileType = image.png; path = ppp.png; sourceTree = "<group>"; };
		CD16915D1F92AE0000C1B037 /* up.png */ = {isa = PBXFileReference; lastKnownFileType = image.png; path = up.png; sourceTree = "<group>"; };
/* End PBXFileReference section */

/* Begin PBXFrameworksBuildPhase section */
		CD1691411F92ACB200C1B037 /* Frameworks */ = {
			isa = PBXFrameworksBuildPhase;
			buildActionMask = 2147483647;
			files = (
			);
			runOnlyForDeploymentPostprocessing = 0;
		};
/* End PBXFrameworksBuildPhase section */

/* Begin PBXGroup section */
		CD16913B1F92ACB200C1B037 = {
			isa = PBXGroup;
			children = (
				CD1691461F92ACB200C1B037 /* Project01 */,
				CD1691451F92ACB200C1B037 /* Products */,
			);
			sourceTree = "<group>";
		};
		CD1691451F92ACB200C1B037 /* Products */ = {
			isa = PBXGroup;
			children = (
				CD1691441F92ACB200C1B037 /* Project01.app */,
			);
			name = Products;
			sourceTree = "<group>";
		};
		CD1691461F92ACB200C1B037 /* Project01 */ = {
			isa = PBXGroup;
			children = (
				CD1691591F92AE0000C1B037 /* 스크린샷 2017-10-15 오전 1.25.16.png */,
				CD16915A1F92AE0000C1B037 /* lst.png */,
				CD16915B1F92AE0000C1B037 /* peo1.JPG */,
				CD16915C1F92AE0000C1B037 /* ppp.png */,
				CD16915D1F92AE0000C1B037 /* up.png */,
				CD1691471F92ACB200C1B037 /* AppDelegate.swift */,
				CD1691491F92ACB200C1B037 /* ViewController.swift */,
				CD16914B1F92ACB200C1B037 /* Main.storyboard */,
				CD16914E1F92ACB200C1B037 /* Assets.xcassets */,
				CD1691501F92ACB200C1B037 /* LaunchScreen.storyboard */,
				CD1691531F92ACB200C1B037 /* Info.plist */,
			);
			path = Project01;
			sourceTree = "<group>";
		};
/* End PBXGroup section */

/* Begin PBXNativeTarget section */
		CD1691431F92ACB200C1B037 /* Project01 */ = {
			isa = PBXNativeTarget;
			buildConfigurationList = CD1691561F92ACB200C1B037 /* Build configuration list for PBXNativeTarget "Project01" */;
			buildPhases = (
				CD1691401F92ACB200C1B037 /* Sources */,
				CD1691411F92ACB200C1B037 /* Frameworks */,
				CD1691421F92ACB200C1B037 /* Resources */,
			);
			buildRules = (
			);
			dependencies = (
			);
			name = Project01;
			productName = Project01;
			productReference = CD1691441F92ACB200C1B037 /* Project01.app */;
			productType = "com.apple.product-type.application";
		};
/* End PBXNativeTarget section */

/* Begin PBXProject section */
		CD16913C1F92ACB200C1B037 /* Project object */ = {
			isa = PBXProject;
			attributes = {
				LastSwiftUpdateCheck = 0830;
				LastUpgradeCheck = 0830;
				ORGANIZATIONNAME = SWUCOMPUTER;
				TargetAttributes = {
					CD1691431F92ACB200C1B037 = {
						CreatedOnToolsVersion = 8.3.3;
						ProvisioningStyle = Automatic;
					};
				};
			};
			buildConfigurationList = CD16913F1F92ACB200C1B037 /* Build configuration list for PBXProject "Project01" */;
			compatibilityVersion = "Xcode 3.2";
			developmentRegion = English;
			hasScannedForEncodings = 0;
			knownRegions = (
				en,
				Base,
			);
			mainGroup = CD16913B1F92ACB200C1B037;
			productRefGroup = CD1691451F92ACB200C1B037 /* Products */;
			projectDirPath = "";
			projectRoot = "";
			targets = (
				CD1691431F92ACB200C1B037 /* Project01 */,
			);
		};
/* End PBXProject section */

/* Begin PBXResourcesBuildPhase section */
		CD1691421F92ACB200C1B037 /* Resources */ = {
			isa = PBXResourcesBuildPhase;
			buildActionMask = 2147483647;
			files = (
				CD1691601F92AE0000C1B037 /* peo1.JPG in Resources */,
				CD1691611F92AE0000C1B037 /* ppp.png in Resources */,
				CD1691521F92ACB200C1B037 /* LaunchScreen.storyboard in Resources */,
				CD16915E1F92AE0000C1B037 /* 스크린샷 2017-10-15 오전 1.25.16.png in Resources */,
				CD16914F1F92ACB200C1B037 /* Assets.xcassets in Resources */,
				CD16915F1F92AE0000C1B037 /* lst.png in Resources */,
				CD1691621F92AE0000C1B037 /* up.png in Resources */,
				CD16914D1F92ACB200C1B037 /* Main.storyboard in Resources */,
			);
			runOnlyForDeploymentPostprocessing = 0;
		};
/* End PBXResourcesBuildPhase section */

/* Begin PBXSourcesBuildPhase section */
		CD1691401F92ACB200C1B037 /* Sources */ = {
			isa = PBXSourcesBuildPhase;
			buildActionMask = 2147483647;
			files = (
				CD16914A1F92ACB200C1B037 /* ViewController.swift in Sources */,
				CD1691481F92ACB200C1B037 /* AppDelegate.swift in Sources */,
			);
			runOnlyForDeploymentPostprocessing = 0;
		};
/* End PBXSourcesBuildPhase section */

/* Begin PBXVariantGroup section */
		CD16914B1F92ACB200C1B037 /* Main.storyboard */ = {
			isa = PBXVariantGroup;
			children = (
				CD16914C1F92ACB200C1B037 /* Base */,
			);
			name = Main.storyboard;
			sourceTree = "<group>";
		};
		CD1691501F92ACB200C1B037 /* LaunchScreen.storyboard */ = {
			isa = PBXVariantGroup;
			children = (
				CD1691511F92ACB200C1B037 /* Base */,
			);
			name = LaunchScreen.storyboard;
			sourceTree = "<group>";
		};
/* End PBXVariantGroup section */

/* Begin XCBuildConfiguration section */
		CD1691541F92ACB200C1B037 /* Debug */ = {
			isa = XCBuildConfiguration;
			buildSettings = {
				ALWAYS_SEARCH_USER_PATHS = NO;
				CLANG_ANALYZER_NONNULL = YES;
				CLANG_ANALYZER_NUMBER_OBJECT_CONVERSION = YES_AGGRESSIVE;
				CLANG_CXX_LANGUAGE_STANDARD = "gnu++0x";
				CLANG_CXX_LIBRARY = "libc++";
				CLANG_ENABLE_MODULES = YES;
				CLANG_ENABLE_OBJC_ARC = YES;
				CLANG_WARN_BOOL_CONVERSION = YES;
				CLANG_WARN_CONSTANT_CONVERSION = YES;
				CLANG_WARN_DIRECT_OBJC_ISA_USAGE = YES_ERROR;
				CLANG_WARN_DOCUMENTATION_COMMENTS = YES;
				CLANG_WARN_EMPTY_BODY = YES;
				CLANG_WARN_ENUM_CONVERSION = YES;
				CLANG_WARN_INFINITE_RECURSION = YES;
				CLANG_WARN_INT_CONVERSION = YES;
				CLANG_WARN_OBJC_ROOT_CLASS = YES_ERROR;
				CLANG_WARN_SUSPICIOUS_MOVE = YES;
				CLANG_WARN_UNREACHABLE_CODE = YES;
				CLANG_WARN__DUPLICATE_METHOD_MATCH = YES;
				"CODE_SIGN_IDENTITY[sdk=iphoneos*]" = "iPhone Developer";
				COPY_PHASE_STRIP = NO;
				DEBUG_INFORMATION_FORMAT = dwarf;
				ENABLE_STRICT_OBJC_MSGSEND = YES;
				ENABLE_TESTABILITY = YES;
				GCC_C_LANGUAGE_STANDARD = gnu99;
				GCC_DYNAMIC_NO_PIC = NO;
				GCC_NO_COMMON_BLOCKS = YES;
				GCC_OPTIMIZATION_LEVEL = 0;
				GCC_PREPROCESSOR_DEFINITIONS = (
					"DEBUG=1",
					"$(inherited)",
				);
				GCC_WARN_64_TO_32_BIT_CONVERSION = YES;
				GCC_WARN_ABOUT_RETURN_TYPE = YES_ERROR;
				GCC_WARN_UNDECLARED_SELECTOR = YES;
				GCC_WARN_UNINITIALIZED_AUTOS = YES_AGGRESSIVE;
				GCC_WARN_UNUSED_FUNCTION = YES;
				GCC_WARN_UNUSED_VARIABLE = YES;
				IPHONEOS_DEPLOYMENT_TARGET = 10.3;
				MTL_ENABLE_DEBUG_INFO = YES;
				ONLY_ACTIVE_ARCH = YES;
				SDKROOT = iphoneos;
				SWIFT_ACTIVE_COMPILATION_CONDITIONS = DEBUG;
				SWIFT_OPTIMIZATION_LEVEL = "-Onone";
			};
			name = Debug;
		};
		CD1691551F92ACB200C1B037 /* Release */ = {
			isa = XCBuildConfiguration;
			buildSettings = {
				ALWAYS_SEARCH_USER_PATHS = NO;
				CLANG_ANALYZER_NONNULL = YES;
				CLANG_ANALYZER_NUMBER_OBJECT_CONVERSION = YES_AGGRESSIVE;
				CLANG_CXX_LANGUAGE_STANDARD = "gnu++0x";
				CLANG_CXX_LIBRARY = "libc++";
				CLANG_ENABLE_MODULES = YES;
				CLANG_ENABLE_OBJC_ARC = YES;
				CLANG_WARN_BOOL_CONVERSION = YES;
				CLANG_WARN_CONSTANT_CONVERSION = YES;
				CLANG_WARN_DIRECT_OBJC_ISA_USAGE = YES_ERROR;
				CLANG_WARN_DOCUMENTATION_COMMENTS = YES;
				CLANG_WARN_EMPTY_BODY = YES;
				CLANG_WARN_ENUM_CONVERSION = YES;
				CLANG_WARN_INFINITE_RECURSION = YES;
				CLANG_WARN_INT_CONVERSION = YES;
				CLANG_WARN_OBJC_ROOT_CLASS = YES_ERROR;
				CLANG_WARN_SUSPICIOUS_MOVE = YES;
				CLANG_WARN_UNREACHABLE_CODE = YES;
				CLANG_WARN__DUPLICATE_METHOD_MATCH = YES;
				"CODE_SIGN_IDENTITY[sdk=iphoneos*]" = "iPhone Developer";
				COPY_PHASE_STRIP = NO;
				DEBUG_INFORMATION_FORMAT = "dwarf-with-dsym";
				ENABLE_NS_ASSERTIONS = NO;
				ENABLE_STRICT_OBJC_MSGSEND = YES;
				GCC_C_LANGUAGE_STANDARD = gnu99;
				GCC_NO_COMMON_BLOCKS = YES;
				GCC_WARN_64_TO_32_BIT_CONVERSION = YES;
				GCC_WARN_ABOUT_RETURN_TYPE = YES_ERROR;
				GCC_WARN_UNDECLARED_SELECTOR = YES;
				GCC_WARN_UNINITIALIZED_AUTOS = YES_AGGRESSIVE;
				GCC_WARN_UNUSED_FUNCTION = YES;
				GCC_WARN_UNUSED_VARIABLE = YES;
				IPHONEOS_DEPLOYMENT_TARGET = 10.3;
				MTL_ENABLE_DEBUG_INFO = NO;
				SDKROOT = iphoneos;
				SWIFT_OPTIMIZATION_LEVEL = "-Owholemodule";
				VALIDATE_PRODUCT = YES;
			};
			name = Release;
		};
		CD1691571F92ACB200C1B037 /* Debug */ = {
			isa = XCBuildConfiguration;
			buildSettings = {
				ASSETCATALOG_COMPILER_APPICON_NAME = AppIcon;
				INFOPLIST_FILE = Project01/Info.plist;
				LD_RUNPATH_SEARCH_PATHS = "$(inherited) @executable_path/Frameworks";
				PRODUCT_BUNDLE_IDENTIFIER = swu.ac.kr.Project01;
				PRODUCT_NAME = "$(TARGET_NAME)";
				SWIFT_VERSION = 3.0;
			};
			name = Debug;
		};
		CD1691581F92ACB200C1B037 /* Release */ = {
			isa = XCBuildConfiguration;
			buildSettings = {
				ASSETCATALOG_COMPILER_APPICON_NAME = AppIcon;
				INFOPLIST_FILE = Project01/Info.plist;
				LD_RUNPATH_SEARCH_PATHS = "$(inherited) @executable_path/Frameworks";
				PRODUCT_BUNDLE_IDENTIFIER = swu.ac.kr.Project01;
				PRODUCT_NAME = "$(TARGET_NAME)";
				SWIFT_VERSION = 3.0;
			};
			name = Release;
		};
/* End XCBuildConfiguration section */

/* Begin XCConfigurationList section */
		CD16913F1F92ACB200C1B037 /* Build configuration list for PBXProject "Project01" */ = {
			isa = XCConfigurationList;
			buildConfigurations = (
				CD1691541F92ACB200C1B037 /* Debug */,
				CD1691551F92ACB200C1B037 /* Release */,
			);
			defaultConfigurationIsVisible = 0;
			defaultConfigurationName = Release;
		};
		CD1691561F92ACB200C1B037 /* Build configuration list for PBXNativeTarget "Project01" */ = {
			isa = XCConfigurationList;
			buildConfigurations = (
				CD1691571F92ACB200C1B037 /* Debug */,
				CD1691581F92ACB200C1B037 /* Release */,
			);
			defaultConfigurationIsVisible = 0;
		};
/* End XCConfigurationList section */
	};
	rootObject = CD16913C1F92ACB200C1B037 /* Project object */;
}
